<?xml version="1.0" encoding="utf-8"?>
<Project ToolsVersion="4.0" xmlns="http://schemas.microsoft.com/developer/msbuild/2003">
  <ItemGroup>
    <Filter Include="Source files">
      <UniqueIdentifier>{cb8e6097-1359-4f11-8e60-d901f47cd73a}</UniqueIdentifier>
      <Extensions>cpp;c;cc;cxx;def;odl;idl;hpj;bat;asm;asmx</Extensions>
    </Filter>
    <Filter Include="Header files">
      <UniqueIdentifier>{1a1ba23d-3170-4fb7-8aad-b9c1ba0ee97b}</UniqueIdentifier>
      <Extensions>h;hpp;hxx;hm;inl;inc;xsd</Extensions>
    </Filter>
    <Filter Include="Resource files">
      <UniqueIdentifier>{15d4fd93-50fc-4908-bb73-9bd11281db8d}</UniqueIdentifier>
      <Extensions>rc;ico;cur;bmp;dlg;rc2;rct;bin;rgs;gif;jpg;jpeg;jpe;resx;tiff;tif;png;wav</Extensions>
    </Filter>
    <Filter Include="Source files\Device-specific files">
      <UniqueIdentifier>{d5ee4b8d-6d8a-4dd2-b93f-85c77f67dc1e}</UniqueIdentifier>
    </Filter>
    <Filter Include="Source files\Device-specific files\LL">
      <UniqueIdentifier>{4e5fd929-dee9-44d8-a796-3566ac6e2fcd}</UniqueIdentifier>
    </Filter>
    <Filter Include="Header files\Device-specific files">
      <UniqueIdentifier>{812e6c5a-616c-4907-adf9-088ad1bbb40c}</UniqueIdentifier>
    </Filter>
    <Filter Include="Header files\Device-specific files\LL">
      <UniqueIdentifier>{0505c325-180e-4d37-89ed-fbd5b8e63bba}</UniqueIdentifier>
    </Filter>
    <Filter Include="VisualGDB settings">
      <UniqueIdentifier>{f731387a-94e9-42a2-acc6-bf06c4c2a8a3}</UniqueIdentifier>
    </Filter>
  </ItemGroup>
  <ItemGroup>
    <ClCompile Include="STM32F407G-DISC1-TIMERS.c">
      <Filter>Source files</Filter>
    </ClCompile>
    <ClCompile Include="system_stm32f4xx.c">
      <Filter>Source files</Filter>
    </ClCompile>
    <None Include="stm32.props">
      <Filter>Source files\Device-specific files</Filter>
    </None>
    <ClCompile Include="$(BSP_ROOT)\STM32F4xxxx\StartupFiles\startup_stm32f407xx.c">
      <Filter>Source files\Device-specific files</Filter>
    </ClCompile>
    <ClCompile Include="$(BSP_ROOT)\STM32F4xxxx\STM32F4xx_HAL_Driver\Src\stm32f4xx_ll_adc.c">
      <Filter>Source files\Device-specific files\LL</Filter>
    </ClCompile>
    <ClCompile Include="$(BSP_ROOT)\STM32F4xxxx\STM32F4xx_HAL_Driver\Src\stm32f4xx_ll_crc.c">
      <Filter>Source files\Device-specific files\LL</Filter>
    </ClCompile>
    <ClCompile Include="$(BSP_ROOT)\STM32F4xxxx\STM32F4xx_HAL_Driver\Src\stm32f4xx_ll_dac.c">
      <Filter>Source files\Device-specific files\LL</Filter>
    </ClCompile>
    <ClCompile Include="$(BSP_ROOT)\STM32F4xxxx\STM32F4xx_HAL_Driver\Src\stm32f4xx_ll_dma.c">
      <Filter>Source files\Device-specific files\LL</Filter>
    </ClCompile>
    <ClCompile Include="$(BSP_ROOT)\STM32F4xxxx\STM32F4xx_HAL_Driver\Src\stm32f4xx_ll_dma2d.c">
      <Filter>Source files\Device-specific files\LL</Filter>
    </ClCompile>
    <ClCompile Include="$(BSP_ROOT)\STM32F4xxxx\STM32F4xx_HAL_Driver\Src\stm32f4xx_ll_exti.c">
      <Filter>Source files\Device-specific files\LL</Filter>
    </ClCompile>
    <ClCompile Include="$(BSP_ROOT)\STM32F4xxxx\STM32F4xx_HAL_Driver\Src\stm32f4xx_ll_fmc.c">
      <Filter>Source files\Device-specific files\LL</Filter>
    </ClCompile>
    <ClCompile Include="$(BSP_ROOT)\STM32F4xxxx\STM32F4xx_HAL_Driver\Src\stm32f4xx_ll_fsmc.c">
      <Filter>Source files\Device-specific files\LL</Filter>
    </ClCompile>
    <ClCompile Include="$(BSP_ROOT)\STM32F4xxxx\STM32F4xx_HAL_Driver\Src\stm32f4xx_ll_gpio.c">
      <Filter>Source files\Device-specific files\LL</Filter>
    </ClCompile>
    <ClCompile Include="$(BSP_ROOT)\STM32F4xxxx\STM32F4xx_HAL_Driver\Src\stm32f4xx_ll_i2c.c">
      <Filter>Source files\Device-specific files\LL</Filter>
    </ClCompile>
    <ClCompile Include="$(BSP_ROOT)\STM32F4xxxx\STM32F4xx_HAL_Driver\Src\stm32f4xx_ll_lptim.c">
      <Filter>Source files\Device-specific files\LL</Filter>
    </ClCompile>
    <ClCompile Include="$(BSP_ROOT)\STM32F4xxxx\STM32F4xx_HAL_Driver\Src\stm32f4xx_ll_pwr.c">
      <Filter>Source files\Device-specific files\LL</Filter>
    </ClCompile>
    <ClCompile Include="$(BSP_ROOT)\STM32F4xxxx\STM32F4xx_HAL_Driver\Src\stm32f4xx_ll_rcc.c">
      <Filter>Source files\Device-specific files\LL</Filter>
    </ClCompile>
    <ClCompile Include="$(BSP_ROOT)\STM32F4xxxx\STM32F4xx_HAL_Driver\Src\stm32f4xx_ll_rng.c">
      <Filter>Source files\Device-specific files\LL</Filter>
    </ClCompile>
    <ClCompile Include="$(BSP_ROOT)\STM32F4xxxx\STM32F4xx_HAL_Driver\Src\stm32f4xx_ll_rtc.c">
      <Filter>Source files\Device-specific files\LL</Filter>
    </ClCompile>
    <ClCompile Include="$(BSP_ROOT)\STM32F4xxxx\STM32F4xx_HAL_Driver\Src\stm32f4xx_ll_sdmmc.c">
      <Filter>Source files\Device-specific files\LL</Filter>
    </ClCompile>
    <ClCompile Include="$(BSP_ROOT)\STM32F4xxxx\STM32F4xx_HAL_Driver\Src\stm32f4xx_ll_spi.c">
      <Filter>Source files\Device-specific files\LL</Filter>
    </ClCompile>
    <ClCompile Include="$(BSP_ROOT)\STM32F4xxxx\STM32F4xx_HAL_Driver\Src\stm32f4xx_ll_tim.c">
      <Filter>Source files\Device-specific files\LL</Filter>
    </ClCompile>
    <ClCompile Include="$(BSP_ROOT)\STM32F4xxxx\STM32F4xx_HAL_Driver\Src\stm32f4xx_ll_usart.c">
      <Filter>Source files\Device-specific files\LL</Filter>
    </ClCompile>
    <ClCompile Include="$(BSP_ROOT)\STM32F4xxxx\STM32F4xx_HAL_Driver\Src\stm32f4xx_ll_utils.c">
      <Filter>Source files\Device-specific files\LL</Filter>
    </ClCompile>
    <ClInclude Include="stm32f4xx_hal_conf.h">
      <Filter>Header files</Filter>
    </ClInclude>
    <ClInclude Include="$(BSP_ROOT)\STM32F4xxxx\STM32F4xx_HAL_Driver\Inc\stm32f4xx_ll_adc.h">
      <Filter>Header files\Device-specific files\LL</Filter>
    </ClInclude>
    <ClInclude Include="$(BSP_ROOT)\STM32F4xxxx\STM32F4xx_HAL_Driver\Inc\stm32f4xx_ll_bus.h">
      <Filter>Header files\Device-specific files\LL</Filter>
    </ClInclude>
    <ClInclude Include="$(BSP_ROOT)\STM32F4xxxx\STM32F4xx_HAL_Driver\Inc\stm32f4xx_ll_cortex.h">
      <Filter>Header files\Device-specific files\LL</Filter>
    </ClInclude>
    <ClInclude Include="$(BSP_ROOT)\STM32F4xxxx\STM32F4xx_HAL_Driver\Inc\stm32f4xx_ll_crc.h">
      <Filter>Header files\Device-specific files\LL</Filter>
    </ClInclude>
    <ClInclude Include="$(BSP_ROOT)\STM32F4xxxx\STM32F4xx_HAL_Driver\Inc\stm32f4xx_ll_dac.h">
      <Filter>Header files\Device-specific files\LL</Filter>
    </ClInclude>
    <ClInclude Include="$(BSP_ROOT)\STM32F4xxxx\STM32F4xx_HAL_Driver\Inc\stm32f4xx_ll_dma.h">
      <Filter>Header files\Device-specific files\LL</Filter>
    </ClInclude>
    <ClInclude Include="$(BSP_ROOT)\STM32F4xxxx\STM32F4xx_HAL_Driver\Inc\stm32f4xx_ll_dma2d.h">
      <Filter>Header files\Device-specific files\LL</Filter>
    </ClInclude>
    <ClInclude Include="$(BSP_ROOT)\STM32F4xxxx\STM32F4xx_HAL_Driver\Inc\stm32f4xx_ll_exti.h">
      <Filter>Header files\Device-specific files\LL</Filter>
    </ClInclude>
    <ClInclude Include="$(BSP_ROOT)\STM32F4xxxx\STM32F4xx_HAL_Driver\Inc\stm32f4xx_ll_fmc.h">
      <Filter>Header files\Device-specific files\LL</Filter>
    </ClInclude>
    <ClInclude Include="$(BSP_ROOT)\STM32F4xxxx\STM32F4xx_HAL_Driver\Inc\stm32f4xx_ll_fsmc.h">
      <Filter>Header files\Device-specific files\LL</Filter>
    </ClInclude>
    <ClInclude Include="$(BSP_ROOT)\STM32F4xxxx\STM32F4xx_HAL_Driver\Inc\stm32f4xx_ll_gpio.h">
      <Filter>Header files\Device-specific files\LL</Filter>
    </ClInclude>
    <ClInclude Include="$(BSP_ROOT)\STM32F4xxxx\STM32F4xx_HAL_Driver\Inc\stm32f4xx_ll_i2c.h">
      <Filter>Header files\Device-specific files\LL</Filter>
    </ClInclude>
    <ClInclude Include="$(BSP_ROOT)\STM32F4xxxx\STM32F4xx_HAL_Driver\Inc\stm32f4xx_ll_iwdg.h">
      <Filter>Header files\Device-specific files\LL</Filter>
    </ClInclude>
    <ClInclude Include="$(BSP_ROOT)\STM32F4xxxx\STM32F4xx_HAL_Driver\Inc\stm32f4xx_ll_lptim.h">
      <Filter>Header files\Device-specific files\LL</Filter>
    </ClInclude>
    <ClInclude Include="$(BSP_ROOT)\STM32F4xxxx\STM32F4xx_HAL_Driver\Inc\stm32f4xx_ll_pwr.h">
      <Filter>Header files\Device-specific files\LL</Filter>
    </ClInclude>
    <ClInclude Include="$(BSP_ROOT)\STM32F4xxxx\STM32F4xx_HAL_Driver\Inc\stm32f4xx_ll_rcc.h">
      <Filter>Header files\Device-specific files\LL</Filter>
    </ClInclude>
    <ClInclude Include="$(BSP_ROOT)\STM32F4xxxx\STM32F4xx_HAL_Driver\Inc\stm32f4xx_ll_rng.h">
      <Filter>Header files\Device-specific files\LL</Filter>
    </ClInclude>
    <ClInclude Include="$(BSP_ROOT)\STM32F4xxxx\STM32F4xx_HAL_Driver\Inc\stm32f4xx_ll_rtc.h">
      <Filter>Header files\Device-specific files\LL</Filter>
    </ClInclude>
    <ClInclude Include="$(BSP_ROOT)\STM32F4xxxx\STM32F4xx_HAL_Driver\Inc\stm32f4xx_ll_sdmmc.h">
      <Filter>Header files\Device-specific files\LL</Filter>
    </ClInclude>
    <ClInclude Include="$(BSP_ROOT)\STM32F4xxxx\STM32F4xx_HAL_Driver\Inc\stm32f4xx_ll_spi.h">
      <Filter>Header files\Device-specific files\LL</Filter>
    </ClInclude>
    <ClInclude Include="$(BSP_ROOT)\STM32F4xxxx\STM32F4xx_HAL_Driver\Inc\stm32f4xx_ll_system.h">
      <Filter>Header files\Device-specific files\LL</Filter>
    </ClInclude>
    <ClInclude Include="$(BSP_ROOT)\STM32F4xxxx\STM32F4xx_HAL_Driver\Inc\stm32f4xx_ll_tim.h">
      <Filter>Header files\Device-specific files\LL</Filter>
    </ClInclude>
    <ClInclude Include="$(BSP_ROOT)\STM32F4xxxx\STM32F4xx_HAL_Driver\Inc\stm32f4xx_ll_usart.h">
      <Filter>Header files\Device-specific files\LL</Filter>
    </ClInclude>
    <ClInclude Include="$(BSP_ROOT)\STM32F4xxxx\STM32F4xx_HAL_Driver\Inc\stm32f4xx_ll_utils.h">
      <Filter>Header files\Device-specific files\LL</Filter>
    </ClInclude>
    <ClInclude Include="$(BSP_ROOT)\STM32F4xxxx\STM32F4xx_HAL_Driver\Inc\stm32f4xx_ll_wwdg.h">
      <Filter>Header files\Device-specific files\LL</Filter>
    </ClInclude>
    <None Include="STM32F407G-DISC1-TIMERS-Debug.vgdbsettings">
      <Filter>VisualGDB settings</Filter>
    </None>
    <None Include="STM32F407G-DISC1-TIMERS-Release.vgdbsettings">
      <Filter>VisualGDB settings</Filter>
    </None>
    <None Include="stm32.xml">
      <Filter>VisualGDB settings</Filter>
    </None>
  </ItemGroup>
</Project>